// !$*UTF8*$!
{
	archiveVersion = 1;
	classes = {
	};
	objectVersion = 77;
	objects = {

/* Begin PBXBuildFile section */
		A0000000000000000000001 /* ThreatModelKit in Frameworks */ = {isa = PBXBuildFile; productRef = A0000000000000000000002 /* ThreatModelKit */; };
		A0000000000000000000004 /* ThreatModelKit in Frameworks */ = {isa = PBXBuildFile; productRef = A0000000000000000000005 /* ThreatModelKit */; };
/* End PBXBuildFile section */

/* Begin PBXContainerItemProxy section */
		46EEEDD6304F3232000F014D /* PBXContainerItemProxy */ = {
			isa = PBXContainerItemProxy;
			containerPortal = 46EEEDBE304F3231000F014D /* Project object */;
			proxyType = 1;
			remoteGlobalIDString = 46EEEDC5304F3231000F014D;
			remoteInfo = threatmodeller;
		};
		46EEEDE0304F3232000F014D /* PBXContainerItemProxy */ = {
			isa = PBXContainerItemProxy;
			containerPortal = 46EEEDBE304F3231000F014D /* Project object */;
			proxyType = 1;
			remoteGlobalIDString = 46EEEDC5304F3231000F014D;
			remoteInfo = threatmodeller;
		};
/* End PBXContainerItemProxy section */

/* Begin PBXFileReference section */
		46EEEDC6304F3231000F014D /* threatmodeller.app */ = {isa = PBXFileReference; explicitFileType = wrapper.application; includeInIndex = 0; path = threatmodeller.app; sourceTree = BUILT_PRODUCTS_DIR; };
		46EEEDD5304F3232000F014D /* threatmodellerTests.xctest */ = {isa = PBXFileReference; explicitFileType = wrapper.cfbundle; includeInIndex = 0; path = threatmodellerTests.xctest; sourceTree = BUILT_PRODUCTS_DIR; };
		46EEEDDF304F3232000F014D /* threatmodellerUITests.xctest */ = {isa = PBXFileReference; explicitFileType = wrapper.cfbundle; includeInIndex = 0; path = threatmodellerUITests.xctest; sourceTree = BUILT_PRODUCTS_DIR; };
/* End PBXFileReference section */

/* Begin PBXFileSystemSynchronizedRootGroup section */
		46EEEDC8304F3231000F014D /* threatmodeller */ = {
			isa = PBXFileSystemSynchronizedRootGroup;
			path = threatmodeller;
			sourceTree = "<group>";
		};
		46EEEDD8304F3232000F014D /* threatmodellerTests */ = {
			isa = PBXFileSystemSynchronizedRootGroup;
			path = threatmodellerTests;
			sourceTree = "<group>";
		};
		46EEEDE2304F3232000F014D /* threatmodellerUITests */ = {
			isa = PBXFileSystemSynchronizedRootGroup;
			path = threatmodellerUITests;
			sourceTree = "<group>";
		};
/* End PBXFileSystemSynchronizedRootGroup section */

/* Begin PBXFrameworksBuildPhase section */
		46EEEDC3304F3231000F014D /* Frameworks */ = {
			isa = PBXFrameworksBuildPhase;
			buildActionMask = 2147483647;
			files = (
				A0000000000000000000001 /* ThreatModelKit in Frameworks */,
			);
			runOnlyForDeploymentPostprocessing = 0;
		};
		46EEEDD2304F3232000F014D /* Frameworks */ = {
			isa = PBXFrameworksBuildPhase;
			buildActionMask = 2147483647;
			files = (
				A0000000000000000000004 /* ThreatModelKit in Frameworks */,
			);
			runOnlyForDeploymentPostprocessing = 0;
		};
		46EEEDDC304F3232000F014D /* Frameworks */ = {
			isa = PBXFrameworksBuildPhase;
			buildActionMask = 2147483647;
			files = (
			);
			runOnlyForDeploymentPostprocessing = 0;
		};
/* End PBXFrameworksBuildPhase section */

/* Begin PBXGroup section */
		46EEEDBD304F3231000F014D = {
			isa = PBXGroup;
			children = (
				46EEEDC8304F3231000F014D /* threatmodeller */,
				46EEEDD8304F3232000F014D /* threatmodellerTests */,
				46EEEDE2304F3232000F014D /* threatmodellerUITests */,
				46EEEDC7304F3231000F014D /* Products */,
			);
			sourceTree = "<group>";
		};
		46EEEDC7304F3231000F014D /* Products */ = {
			isa = PBXGroup;
			children = (
				46EEEDC6304F3231000F014D /* threatmodeller.app */,
				46EEEDD5304F3232000F014D /* threatmodellerTests.xctest */,
				46EEEDDF304F3232000F014D /* threatmodellerUITests.xctest */,
			);
			name = Products;
			sourceTree = "<group>";
		};
/* End PBXGroup section */

/* Begin PBXNativeTarget section */
		46EEEDC5304F3231000F014D /* threatmodeller */ = {
			isa = PBXNativeTarget;
			buildConfigurationList = 46EEEDE9304F3232000F014D /* Build configuration list for PBXNativeTarget "threatmodeller" */;
			buildPhases = (
				46EEEDC2304F3231000F014D /* Sources */,
				46EEEDC3304F3231000F014D /* Frameworks */,
				46EEEDC4304F3231000F014D /* Resources */,
			);
			buildRules = (
			);
			dependencies = (
			);
			fileSystemSynchronizedGroups = (
				46EEEDC8304F3231000F014D /* threatmodeller */,
			);
			name = threatmodeller;
			packageProductDependencies = (
				A0000000000000000000002 /* ThreatModelKit */,
			);
			productName = threatmodeller;
			productReference = 46EEEDC6304F3231000F014D /* threatmodeller.app */;
			productType = "com.apple.product-type.application";
		};
		46EEEDD4304F3232000F014D /* threatmodellerTests */ = {
			isa = PBXNativeTarget;
			buildConfigurationList = 46EEEDEC304F3232000F014D /* Build configuration list for PBXNativeTarget "threatmodellerTests" */;
			buildPhases = (
				46EEEDD1304F3232000F014D /* Sources */,
				46EEEDD2304F3232000F014D /* Frameworks */,
				46EEEDD3304F3232000F014D /* Resources */,
			);
			buildRules = (
			);
			dependencies = (
				46EEEDD7304F3232000F014D /* PBXTargetDependency */,
			);
			fileSystemSynchronizedGroups = (
				46EEEDD8304F3232000F014D /* threatmodellerTests */,
			);
			name = threatmodellerTests;
			packageProductDependencies = (
				A0000000000000000000005 /* ThreatModelKit */,
			);
			productName = threatmodellerTests;
			productReference = 46EEEDD5304F3232000F014D /* threatmodellerTests.xctest */;
			productType = "com.apple.product-type.bundle.unit-test";
		};
		46EEEDDE304F3232000F014D /* threatmodellerUITests */ = {
			isa = PBXNativeTarget;
			buildConfigurationList = 46EEEDEF304F3232000F014D /* Build configuration list for PBXNativeTarget "threatmodellerUITests" */;
			buildPhases = (
				46EEEDDB304F3232000F014D /* Sources */,
				46EEEDDC304F3232000F014D /* Frameworks */,
				46EEEDDD304F3232000F014D /* Resources */,
			);
			buildRules = (
			);
			dependencies = (
				46EEEDE1304F3232000F014D /* PBXTargetDependency */,
			);
			fileSystemSynchronizedGroups = (
				46EEEDE2304F3232000F014D /* threatmodellerUITests */,
			);
			name = threatmodellerUITests;
			packageProductDependencies = (
			);
			productName = threatmodellerUITests;
			productReference = 46EEEDDF304F3232000F014D /* threatmodellerUITests.xctest */;
			productType = "com.apple.product-type.bundle.ui-testing";
		};
/* End PBXNativeTarget section */

/* Begin PBXProject section */
		46EEEDBE304F3231000F014D /* Project object */ = {
			isa = PBXProject;
			attributes = {
				BuildIndependentTargetsInParallel = 1;
				LastSwiftUpdateCheck = 2660;
				LastUpgradeCheck = 2660;
				TargetAttributes = {
					46EEEDC5304F3231000F014D = {
						CreatedOnToolsVersion = 26.6;
					};
					46EEEDD4304F3232000F014D = {
						CreatedOnToolsVersion = 26.6;
						TestTargetID = 46EEEDC5304F3231000F014D;
					};
					46EEEDDE304F3232000F014D = {
						CreatedOnToolsVersion = 26.6;
						TestTargetID = 46EEEDC5304F3231000F014D;
					};
				};
			};
			buildConfigurationList = 46EEEDC1304F3231000F014D /* Build configuration list for PBXProject "threatmodeller" */;
			developmentRegion = en;
			hasScannedForEncodings = 0;
			knownRegions = (
				en,
				Base,
			);
			mainGroup = 46EEEDBD304F3231000F014D;
			minimizedProjectReferenceProxies = 1;
			packageReferences = (
				A0000000000000000000003 /* XCLocalSwiftPackageReference "ThreatModelKit" */,
			);
			preferredProjectObjectVersion = 77;
			productRefGroup = 46EEEDC7304F3231000F014D /* Products */;
			projectDirPath = "";
			projectRoot = "";
			targets = (
				46EEEDC5304F3231000F014D /* threatmodeller */,
				46EEEDD4304F3232000F014D /* threatmodellerTests */,
				46EEEDDE304F3232000F014D /* threatmodellerUITests */,
			);
		};
/* End PBXProject section */

/* Begin PBXResourcesBuildPhase section */
		46EEEDC4304F3231000F014D /* Resources */ = {
			isa = PBXResourcesBuildPhase;
			buildActionMask = 2147483647;
			files = (
			);
			runOnlyForDeploymentPostprocessing = 0;
		};
		46EEEDD3304F3232000F014D /* Resources */ = {
			isa = PBXResourcesBuildPhase;
			buildActionMask = 2147483647;
			files = (
			);
			runOnlyForDeploymentPostprocessing = 0;
		};
		46EEEDDD304F3232000F014D /* Resources */ = {
			isa = PBXResourcesBuildPhase;
			buildActionMask = 2147483647;
			files = (
			);
			runOnlyForDeploymentPostprocessing = 0;
		};
/* End PBXResourcesBuildPhase section */

/* Begin PBXSourcesBuildPhase section */
		46EEEDC2304F3231000F014D /* Sources */ = {
			isa = PBXSourcesBuildPhase;
			buildActionMask = 2147483647;
			files = (
			);
			runOnlyForDeploymentPostprocessing = 0;
		};
		46EEEDD1304F3232000F014D /* Sources */ = {
			isa = PBXSourcesBuildPhase;
			buildActionMask = 2147483647;
			files = (
			);
			runOnlyForDeploymentPostprocessing = 0;
		};
		46EEEDDB304F3232000F014D /* Sources */ = {
			isa = PBXSourcesBuildPhase;
			buildActionMask = 2147483647;
			files = (
			);
			runOnlyForDeploymentPostprocessing = 0;
		};
/* End PBXSourcesBuildPhase section */

/* Begin PBXTargetDependency section */
		46EEEDD7304F3232000F014D /* PBXTargetDependency */ = {
			isa = PBXTargetDependency;
			target = 46EEEDC5304F3231000F014D /* threatmodeller */;
			targetProxy = 46EEEDD6304F3232000F014D /* PBXContainerItemProxy */;
		};
		46EEEDE1304F3232000F014D /* PBXTargetDependency */ = {
			isa = PBXTargetDependency;
			target = 46EEEDC5304F3231000F014D /* threatmodeller */;
			targetProxy = 46EEEDE0304F3232000F014D /* PBXContainerItemProxy */;
		};
/* End PBXTargetDependency section */

/* Begin XCBuildConfiguration section */
		46EEEDE7304F3232000F014D /* Debug */ = {
			isa = XCBuildConfiguration;
			buildSettings = {
				ALWAYS_SEARCH_USER_PATHS = NO;
				ASSETCATALOG_COMPILER_GENERATE_SWIFT_ASSET_SYMBOL_EXTENSIONS = YES;
				CLANG_ANALYZER_NONNULL = YES;
				CLANG_ANALYZER_NUMBER_OBJECT_CONVERSION = YES_AGGRESSIVE;
				CLANG_CXX_LANGUAGE_STANDARD = "gnu++20";
				CLANG_ENABLE_MODULES = YES;
				CLANG_ENABLE_OBJC_ARC = YES;
				CLANG_ENABLE_OBJC_WEAK = YES;
				CLANG_WARN_BLOCK_CAPTURE_AUTORELEASING = YES;
				CLANG_WARN_BOOL_CONVERSION = YES;
				CLANG_WARN_COMMA = YES;
				CLANG_WARN_CONSTANT_CONVERSION = YES;
				CLANG_WARN_DEPRECATED_OBJC_IMPLEMENTATIONS = YES;
				CLANG_WARN_DIRECT_OBJC_ISA_USAGE = YES_ERROR;
				CLANG_WARN_DOCUMENTATION_COMMENTS = YES;
				CLANG_WARN_EMPTY_BODY = YES;
				CLANG_WARN_ENUM_CONVERSION = YES;
				CLANG_WARN_INFINITE_RECURSION = YES;
				CLANG_WARN_INT_CONVERSION = YES;
				CLANG_WARN_NON_LITERAL_NULL_CONVERSION = YES;
				CLANG_WARN_OBJC_IMPLICIT_RETAIN_SELF = YES;
				CLANG_WARN_OBJC_LITERAL_CONVERSION = YES;
				CLANG_WARN_OBJC_ROOT_CLASS = YES_ERROR;
				CLANG_WARN_QUOTED_INCLUDE_IN_FRAMEWORK_HEADER = YES;
				CLANG_WARN_RANGE_LOOP_ANALYSIS = YES;
				CLANG_WARN_STRICT_PROTOTYPES = YES;
				CLANG_WARN_SUSPICIOUS_MOVE = YES;
				CLANG_WARN_UNGUARDED_AVAILABILITY = YES_AGGRESSIVE;
				CLANG_WARN_UNREACHABLE_CODE = YES;
				CLANG_WARN__DUPLICATE_METHOD_MATCH = YES;
				COPY_PHASE_STRIP = NO;
				DEBUG_INFORMATION_FORMAT = dwarf;
				DEVELOPMENT_TEAM = 37KMK6XFTT;
				ENABLE_STRICT_OBJC_MSGSEND = YES;
				ENABLE_TESTABILITY = YES;
				ENABLE_USER_SCRIPT_SANDBOXING = YES;
				GCC_C_LANGUAGE_STANDARD = gnu17;
				GCC_DYNAMIC_NO_PIC = NO;
				GCC_NO_COMMON_BLOCKS = YES;
				GCC_OPTIMIZATION_LEVEL = 0;
				GCC_PREPROCESSOR_DEFINITIONS = (
					"DEBUG=1",
					"$(inherited)",
				);
				GCC_WARN_64_TO_32_BIT_CONVERSION = YES;
				GCC_WARN_ABOUT_RETURN_TYPE = YES_ERROR;
				GCC_WARN_UNDECLARED_SELECTOR = YES;
				GCC_WARN_UNINITIALIZED_AUTOS = YES_AGGRESSIVE;
				GCC_WARN_UNUSED_FUNCTION = YES;
				GCC_WARN_UNUSED_VARIABLE = YES;
				LOCALIZATION_PREFERS_STRING_CATALOGS = YES;
				MACOSX_DEPLOYMENT_TARGET = 26.5;
				MTL_ENABLE_DEBUG_INFO = INCLUDE_SOURCE;
				MTL_FAST_MATH = YES;
				ONLY_ACTIVE_ARCH = YES;
				SDKROOT = macosx;
				SWIFT_ACTIVE_COMPILATION_CONDITIONS = "DEBUG $(inherited)";
				SWIFT_OPTIMIZATION_LEVEL = "-Onone";
			};
			name = Debug;
		};
		46EEEDE8304F3232000F014D /* Release */ = {
			isa = XCBuildConfiguration;
			buildSettings = {
				ALWAYS_SEARCH_USER_PATHS = NO;
				ASSETCATALOG_COMPILER_GENERATE_SWIFT_ASSET_SYMBOL_EXTENSIONS = YES;
				CLANG_ANALYZER_NONNULL = YES;
				CLANG_ANALYZER_NUMBER_OBJECT_CONVERSION = YES_AGGRESSIVE;
				CLANG_CXX_LANGUAGE_STANDARD = "gnu++20";
				CLANG_ENABLE_MODULES = YES;
				CLANG_ENABLE_OBJC_ARC = YES;
				CLANG_ENABLE_OBJC_WEAK = YES;
				CLANG_WARN_BLOCK_CAPTURE_AUTORELEASING = YES;
				CLANG_WARN_BOOL_CONVERSION = YES;
				CLANG_WARN_COMMA = YES;
				CLANG_WARN_CONSTANT_CONVERSION = YES;
				CLANG_WARN_DEPRECATED_OBJC_IMPLEMENTATIONS = YES;
				CLANG_WARN_DIRECT_OBJC_ISA_USAGE = YES_ERROR;
				CLANG_WARN_DOCUMENTATION_COMMENTS = YES;
				CLANG_WARN_EMPTY_BODY = YES;
				CLANG_WARN_ENUM_CONVERSION = YES;
				CLANG_WARN_INFINITE_RECURSION = YES;
				CLANG_WARN_INT_CONVERSION = YES;
				CLANG_WARN_NON_LITERAL_NULL_CONVERSION = YES;
				CLANG_WARN_OBJC_IMPLICIT_RETAIN_SELF = YES;
				CLANG_WARN_OBJC_LITERAL_CONVERSION = YES;
				CLANG_WARN_OBJC_ROOT_CLASS = YES_ERROR;
				CLANG_WARN_QUOTED_INCLUDE_IN_FRAMEWORK_HEADER = YES;
				CLANG_WARN_RANGE_LOOP_ANALYSIS = YES;
				CLANG_WARN_STRICT_PROTOTYPES = YES;
				CLANG_WARN_SUSPICIOUS_MOVE = YES;
				CLANG_WARN_UNGUARDED_AVAILABILITY = YES_AGGRESSIVE;
				CLANG_WARN_UNREACHABLE_CODE = YES;
				CLANG_WARN__DUPLICATE_METHOD_MATCH = YES;
				COPY_PHASE_STRIP = NO;
				DEBUG_INFORMATION_FORMAT = "dwarf-with-dsym";
				DEVELOPMENT_TEAM = 37KMK6XFTT;
				ENABLE_NS_ASSERTIONS = NO;
				ENABLE_STRICT_OBJC_MSGSEND = YES;
				ENABLE_USER_SCRIPT_SANDBOXING = YES;
				GCC_C_LANGUAGE_STANDARD = gnu17;
				GCC_NO_COMMON_BLOCKS = YES;
				GCC_WARN_64_TO_32_BIT_CONVERSION = YES;
				GCC_WARN_ABOUT_RETURN_TYPE = YES_ERROR;
				GCC_WARN_UNDECLARED_SELECTOR = YES;
				GCC_WARN_UNINITIALIZED_AUTOS = YES_AGGRESSIVE;
				GCC_WARN_UNUSED_FUNCTION = YES;
				GCC_WARN_UNUSED_VARIABLE = YES;
				LOCALIZATION_PREFERS_STRING_CATALOGS = YES;
				MACOSX_DEPLOYMENT_TARGET = 26.5;
				MTL_ENABLE_DEBUG_INFO = NO;
				MTL_FAST_MATH = YES;
				SDKROOT = macosx;
				SWIFT_COMPILATION_MODE = wholemodule;
			};
			name = Release;
		};
		46EEEDEA304F3232000F014D /* Debug */ = {
			isa = XCBuildConfiguration;
			buildSettings = {
				ASSETCATALOG_COMPILER_APPICON_NAME = AppIcon;
				ASSETCATALOG_COMPILER_GLOBAL_ACCENT_COLOR_NAME = AccentColor;
				CODE_SIGN_STYLE = Automatic;
				COMBINE_HIDPI_IMAGES = YES;
				CURRENT_PROJECT_VERSION = 1;
				DEVELOPMENT_TEAM = 37KMK6XFTT;
				ENABLE_APP_SANDBOX = YES;
				ENABLE_HARDENED_RUNTIME = YES;
				ENABLE_PREVIEWS = YES;
				ENABLE_USER_SELECTED_FILES = readonly;
				GENERATE_INFOPLIST_FILE = YES;
				INFOPLIST_KEY_NSHumanReadableCopyright = "";
				LD_RUNPATH_SEARCH_PATHS = (
					"$(inherited)",
					"@executable_path/../Frameworks",
				);
				MARKETING_VERSION = 1.0;
				PRODUCT_BUNDLE_IDENTIFIER = uk.craigbass.threatmodeller;
				PRODUCT_NAME = "$(TARGET_NAME)";
				REGISTER_APP_GROUPS = YES;
				STRING_CATALOG_GENERATE_SYMBOLS = YES;
				SWIFT_APPROACHABLE_CONCURRENCY = YES;
				SWIFT_DEFAULT_ACTOR_ISOLATION = MainActor;
				SWIFT_EMIT_LOC_STRINGS = YES;
				SWIFT_UPCOMING_FEATURE_MEMBER_IMPORT_VISIBILITY = YES;
				SWIFT_VERSION = 5.0;
			};
			name = Debug;
		};
		46EEEDEB304F3232000F014D /* Release */ = {
			isa = XCBuildConfiguration;
			buildSettings = {
				ASSETCATALOG_COMPILER_APPICON_NAME = AppIcon;
				ASSETCATALOG_COMPILER_GLOBAL_ACCENT_COLOR_NAME = AccentColor;
				CODE_SIGN_STYLE = Automatic;
				COMBINE_HIDPI_IMAGES = YES;
				CURRENT_PROJECT_VERSION = 1;
				DEVELOPMENT_TEAM = 37KMK6XFTT;
				ENABLE_APP_SANDBOX = YES;
				ENABLE_HARDENED_RUNTIME = YES;
				ENABLE_PREVIEWS = YES;
				ENABLE_USER_SELECTED_FILES = readonly;
				GENERATE_INFOPLIST_FILE = YES;
				INFOPLIST_KEY_NSHumanReadableCopyright = "";
				LD_RUNPATH_SEARCH_PATHS = (
					"$(inherited)",
					"@executable_path/../Frameworks",
				);
				MARKETING_VERSION = 1.0;
				PRODUCT_BUNDLE_IDENTIFIER = uk.craigbass.threatmodeller;
				PRODUCT_NAME = "$(TARGET_NAME)";
				REGISTER_APP_GROUPS = YES;
				STRING_CATALOG_GENERATE_SYMBOLS = YES;
				SWIFT_APPROACHABLE_CONCURRENCY = YES;
				SWIFT_DEFAULT_ACTOR_ISOLATION = MainActor;
				SWIFT_EMIT_LOC_STRINGS = YES;
				SWIFT_UPCOMING_FEATURE_MEMBER_IMPORT_VISIBILITY = YES;
				SWIFT_VERSION = 5.0;
			};
			name = Release;
		};
		46EEEDED304F3232000F014D /* Debug */ = {
			isa = XCBuildConfiguration;
			buildSettings = {
				BUNDLE_LOADER = "$(TEST_HOST)";
				CODE_SIGN_STYLE = Automatic;
				CURRENT_PROJECT_VERSION = 1;
				DEVELOPMENT_TEAM = 37KMK6XFTT;
				GENERATE_INFOPLIST_FILE = YES;
				MACOSX_DEPLOYMENT_TARGET = 26.5;
				MARKETING_VERSION = 1.0;
				PRODUCT_BUNDLE_IDENTIFIER = uk.craigbass.threatmodellerTests;
				PRODUCT_NAME = "$(TARGET_NAME)";
				STRING_CATALOG_GENERATE_SYMBOLS = NO;
				SWIFT_APPROACHABLE_CONCURRENCY = YES;
				SWIFT_EMIT_LOC_STRINGS = NO;
				SWIFT_UPCOMING_FEATURE_MEMBER_IMPORT_VISIBILITY = YES;
				SWIFT_VERSION = 5.0;
				TEST_HOST = "$(BUILT_PRODUCTS_DIR)/threatmodeller.app/$(BUNDLE_EXECUTABLE_FOLDER_PATH)/threatmodeller";
			};
			name = Debug;
		};
		46EEEDEE304F3232000F014D /* Release */ = {
			isa = XCBuildConfiguration;
			buildSettings = {
				BUNDLE_LOADER = "$(TEST_HOST)";
				CODE_SIGN_STYLE = Automatic;
				CURRENT_PROJECT_VERSION = 1;
				DEVELOPMENT_TEAM = 37KMK6XFTT;
				GENERATE_INFOPLIST_FILE = YES;
				MACOSX_DEPLOYMENT_TARGET = 26.5;
				MARKETING_VERSION = 1.0;
				PRODUCT_BUNDLE_IDENTIFIER = uk.craigbass.threatmodellerTests;
				PRODUCT_NAME = "$(TARGET_NAME)";
				STRING_CATALOG_GENERATE_SYMBOLS = NO;
				SWIFT_APPROACHABLE_CONCURRENCY = YES;
				SWIFT_EMIT_LOC_STRINGS = NO;
				SWIFT_UPCOMING_FEATURE_MEMBER_IMPORT_VISIBILITY = YES;
				SWIFT_VERSION = 5.0;
				TEST_HOST = "$(BUILT_PRODUCTS_DIR)/threatmodeller.app/$(BUNDLE_EXECUTABLE_FOLDER_PATH)/threatmodeller";
			};
			name = Release;
		};
		46EEEDF0304F3232000F014D /* Debug */ = {
			isa = XCBuildConfiguration;
			buildSettings = {
				CODE_SIGN_STYLE = Automatic;
				CURRENT_PROJECT_VERSION = 1;
				DEVELOPMENT_TEAM = 37KMK6XFTT;
				GENERATE_INFOPLIST_FILE = YES;
				MARKETING_VERSION = 1.0;
				PRODUCT_BUNDLE_IDENTIFIER = uk.craigbass.threatmodellerUITests;
				PRODUCT_NAME = "$(TARGET_NAME)";
				STRING_CATALOG_GENERATE_SYMBOLS = NO;
				SWIFT_APPROACHABLE_CONCURRENCY = YES;
				SWIFT_EMIT_LOC_STRINGS = NO;
				SWIFT_UPCOMING_FEATURE_MEMBER_IMPORT_VISIBILITY = YES;
				SWIFT_VERSION = 5.0;
				TEST_TARGET_NAME = threatmodeller;
			};
			name = Debug;
		};
		46EEEDF1304F3232000F014D /* Release */ = {
			isa = XCBuildConfiguration;
			buildSettings = {
				CODE_SIGN_STYLE = Automatic;
				CURRENT_PROJECT_VERSION = 1;
				DEVELOPMENT_TEAM = 37KMK6XFTT;
				GENERATE_INFOPLIST_FILE = YES;
				MARKETING_VERSION = 1.0;
				PRODUCT_BUNDLE_IDENTIFIER = uk.craigbass.threatmodellerUITests;
				PRODUCT_NAME = "$(TARGET_NAME)";
				STRING_CATALOG_GENERATE_SYMBOLS = NO;
				SWIFT_APPROACHABLE_CONCURRENCY = YES;
				SWIFT_EMIT_LOC_STRINGS = NO;
				SWIFT_UPCOMING_FEATURE_MEMBER_IMPORT_VISIBILITY = YES;
				SWIFT_VERSION = 5.0;
				TEST_TARGET_NAME = threatmodeller;
			};
			name = Release;
		};
/* End XCBuildConfiguration section */

/* Begin XCConfigurationList section */
		46EEEDC1304F3231000F014D /* Build configuration list for PBXProject "threatmodeller" */ = {
			isa = XCConfigurationList;
			buildConfigurations = (
				46EEEDE7304F3232000F014D /* Debug */,
				46EEEDE8304F3232000F014D /* Release */,
			);
			defaultConfigurationIsVisible = 0;
			defaultConfigurationName = Release;
		};
		46EEEDE9304F3232000F014D /* Build configuration list for PBXNativeTarget "threatmodeller" */ = {
			isa = XCConfigurationList;
			buildConfigurations = (
				46EEEDEA304F3232000F014D /* Debug */,
				46EEEDEB304F3232000F014D /* Release */,
			);
			defaultConfigurationIsVisible = 0;
			defaultConfigurationName = Release;
		};
		46EEEDEC304F3232000F014D /* Build configuration list for PBXNativeTarget "threatmodellerTests" */ = {
			isa = XCConfigurationList;
			buildConfigurations = (
				46EEEDED304F3232000F014D /* Debug */,
				46EEEDEE304F3232000F014D /* Release */,
			);
			defaultConfigurationIsVisible = 0;
			defaultConfigurationName = Release;
		};
		46EEEDEF304F3232000F014D /* Build configuration list for PBXNativeTarget "threatmodellerUITests" */ = {
			isa = XCConfigurationList;
			buildConfigurations = (
				46EEEDF0304F3232000F014D /* Debug */,
				46EEEDF1304F3232000F014D /* Release */,
			);
			defaultConfigurationIsVisible = 0;
			defaultConfigurationName = Release;
		};
/* End XCConfigurationList section */

/* Begin XCLocalSwiftPackageReference section */
		A0000000000000000000003 /* XCLocalSwiftPackageReference "ThreatModelKit" */ = {
			isa = XCLocalSwiftPackageReference;
			relativePath = ThreatModelKit;
		};
/* End XCLocalSwiftPackageReference section */

/* Begin XCSwiftPackageProductDependency section */
		A0000000000000000000002 /* ThreatModelKit */ = {
			isa = XCSwiftPackageProductDependency;
			productName = ThreatModelKit;
		};
		A0000000000000000000005 /* ThreatModelKit */ = {
			isa = XCSwiftPackageProductDependency;
			productName = ThreatModelKit;
		};
/* End XCSwiftPackageProductDependency section */
	};
	rootObject = 46EEEDBE304F3231000F014D /* Project object */;
}
